// !$*UTF8*$!
{
	archiveVersion = 1;
	classes = {
	};
	objectVersion = 56;
	objects = {

/* Begin PBXBuildFile section */
		15AA2A8F29192F7800AEC6BE /* hello_world_swiftuiApp.swift in Sources */ = {isa = PBXBuildFile; fileRef = 15AA2A8E29192F7800AEC6BE /* hello_world_swiftuiApp.swift */; };
		15AA2A9129192F7800AEC6BE /* ContentViewTouch.swift in Sources */ = {isa = PBXBuildFile; fileRef = 15AA2A9029192F7800AEC6BE /* ContentViewTouch.swift */; };
		15AA2A9329192F7A00AEC6BE /* Assets.xcassets in Resources */ = {isa = PBXBuildFile; fileRef = 15AA2A9229192F7A00AEC6BE /* Assets.xcassets */; };
		15AA2A9629192F7A00AEC6BE /* Preview Assets.xcassets in Resources */ = {isa = PBXBuildFile; fileRef = 15AA2A9529192F7A00AEC6BE /* Preview Assets.xcassets */; };
		15AA2A9F291930B900AEC6BE /* hello_world_swiftuiApp.swift in Sources */ = {isa = PBXBuildFile; fileRef = 15AA2A8E29192F7800AEC6BE /* hello_world_swiftuiApp.swift */; };
		15AA2AA2291930B900AEC6BE /* Preview Assets.xcassets in Resources */ = {isa = PBXBuildFile; fileRef = 15AA2A9529192F7A00AEC6BE /* Preview Assets.xcassets */; };
		15AA2AA3291930B900AEC6BE /* Assets.xcassets in Resources */ = {isa = PBXBuildFile; fileRef = 15AA2A9229192F7A00AEC6BE /* Assets.xcassets */; };
		15AA2AAB291930D600AEC6BE /* hello_world_swiftuiApp.swift in Sources */ = {isa = PBXBuildFile; fileRef = 15AA2A8E29192F7800AEC6BE /* hello_world_swiftuiApp.swift */; };
		15AA2AAE291930D600AEC6BE /* Preview Assets.xcassets in Resources */ = {isa = PBXBuildFile; fileRef = 15AA2A9529192F7A00AEC6BE /* Preview Assets.xcassets */; };
		15AA2AAF291930D600AEC6BE /* Assets.xcassets in Resources */ = {isa = PBXBuildFile; fileRef = 15AA2A9229192F7A00AEC6BE /* Assets.xcassets */; };
		15F00DAC291931B400495D6B /* ContentViewMac.swift in Sources */ = {isa = PBXBuildFile; fileRef = 15F00DAB291931B400495D6B /* ContentViewMac.swift */; };
		15F00DAE291931C700495D6B /* ContentViewTV.swift in Sources */ = {isa = PBXBuildFile; fileRef = 15F00DAD291931C700495D6B /* ContentViewTV.swift */; };
		15F00DC42919362200495D6B /* hello-world-swiftui-mac-InfoPlist.strings in Resources */ = {isa = PBXBuildFile; fileRef = 15F00DC22919362200495D6B /* hello-world-swiftui-mac-InfoPlist.strings */; };
		15F00DC72919362200495D6B /* hello-world-swiftui-touch-InfoPlist.strings in Resources */ = {isa = PBXBuildFile; fileRef = 15F00DC52919362200495D6B /* hello-world-swiftui-touch-InfoPlist.strings */; };
		15F00DCA2919362200495D6B /* hello-world-swiftui-tvos-InfoPlist.strings in Resources */ = {isa = PBXBuildFile; fileRef = 15F00DC82919362200495D6B /* hello-world-swiftui-tvos-InfoPlist.strings */; };
		15F00DCD2919362200495D6B /* Localizable.strings in Resources */ = {isa = PBXBuildFile; fileRef = 15F00DCB2919362200495D6B /* Localizable.strings */; };
		15F00DCE2919362200495D6B /* Localizable.strings in Resources */ = {isa = PBXBuildFile; fileRef = 15F00DCB2919362200495D6B /* Localizable.strings */; };
		15F00DCF2919362200495D6B /* Localizable.strings in Resources */ = {isa = PBXBuildFile; fileRef = 15F00DCB2919362200495D6B /* Localizable.strings */; };
/* End PBXBuildFile section */

/* Begin PBXFileReference section */
		158B0223291937800024B89E /* de */ = {isa = PBXFileReference; lastKnownFileType = text.plist.strings; name = de; path = "de.lproj/hello-world-swiftui-tvos-InfoPlist.strings"; sourceTree = "<group>"; };
		158B0224291937800024B89E /* de */ = {isa = PBXFileReference; lastKnownFileType = text.plist.strings; name = de; path = "de.lproj/hello-world-swiftui-touch-InfoPlist.strings"; sourceTree = "<group>"; };
		158B0225291937800024B89E /* de */ = {isa = PBXFileReference; lastKnownFileType = text.plist.strings; name = de; path = "de.lproj/hello-world-swiftui-mac-InfoPlist.strings"; sourceTree = "<group>"; };
		158B0226291937E40024B89E /* de */ = {isa = PBXFileReference; lastKnownFileType = text.plist.strings; name = de; path = de.lproj/Localizable.strings; sourceTree = "<group>"; };
		15AA2A8B29192F7800AEC6BE /* hello-world-swiftui-touch.app */ = {isa = PBXFileReference; explicitFileType = wrapper.application; includeInIndex = 0; path = "hello-world-swiftui-touch.app"; sourceTree = BUILT_PRODUCTS_DIR; };
		15AA2A8E29192F7800AEC6BE /* hello_world_swiftuiApp.swift */ = {isa = PBXFileReference; lastKnownFileType = sourcecode.swift; path = hello_world_swiftuiApp.swift; sourceTree = "<group>"; };
		15AA2A9029192F7800AEC6BE /* ContentViewTouch.swift */ = {isa = PBXFileReference; lastKnownFileType = sourcecode.swift; path = ContentViewTouch.swift; sourceTree = "<group>"; };
		15AA2A9229192F7A00AEC6BE /* Assets.xcassets */ = {isa = PBXFileReference; lastKnownFileType = folder.assetcatalog; path = Assets.xcassets; sourceTree = "<group>"; };
		15AA2A9529192F7A00AEC6BE /* Preview Assets.xcassets */ = {isa = PBXFileReference; lastKnownFileType = folder.assetcatalog; path = "Preview Assets.xcassets"; sourceTree = "<group>"; };
		15AA2AA7291930B900AEC6BE /* hello-world-swiftui-mac.app */ = {isa = PBXFileReference; explicitFileType = wrapper.application; includeInIndex = 0; path = "hello-world-swiftui-mac.app"; sourceTree = BUILT_PRODUCTS_DIR; };
		15AA2AB3291930D600AEC6BE /* hello-world-swiftui-tvos.app */ = {isa = PBXFileReference; explicitFileType = wrapper.application; includeInIndex = 0; path = "hello-world-swiftui-tvos.app"; sourceTree = BUILT_PRODUCTS_DIR; };
		15F00DAB291931B400495D6B /* ContentViewMac.swift */ = {isa = PBXFileReference; fileEncoding = 4; lastKnownFileType = sourcecode.swift; path = ContentViewMac.swift; sourceTree = "<group>"; };
		15F00DAD291931C700495D6B /* ContentViewTV.swift */ = {isa = PBXFileReference; fileEncoding = 4; lastKnownFileType = sourcecode.swift; path = ContentViewTV.swift; sourceTree = "<group>"; };
		15F00DC32919362200495D6B /* la */ = {isa = PBXFileReference; lastKnownFileType = text.plist.strings; name = la; path = "la.lproj/hello-world-swiftui-mac-InfoPlist.strings"; sourceTree = "<group>"; };
		15F00DC62919362200495D6B /* la */ = {isa = PBXFileReference; lastKnownFileType = text.plist.strings; name = la; path = "la.lproj/hello-world-swiftui-touch-InfoPlist.strings"; sourceTree = "<group>"; };
		15F00DC92919362200495D6B /* la */ = {isa = PBXFileReference; lastKnownFileType = text.plist.strings; name = la; path = "la.lproj/hello-world-swiftui-tvos-InfoPlist.strings"; sourceTree = "<group>"; };
		15F00DCC2919362200495D6B /* la */ = {isa = PBXFileReference; lastKnownFileType = text.plist.strings; name = la; path = la.lproj/Localizable.strings; sourceTree = "<group>"; };
		15F00DD02919362F00495D6B /* en */ = {isa = PBXFileReference; lastKnownFileType = text.plist.strings; name = en; path = "en.lproj/hello-world-swiftui-mac-InfoPlist.strings"; sourceTree = "<group>"; };
		15F00DD12919362F00495D6B /* en */ = {isa = PBXFileReference; lastKnownFileType = text.plist.strings; name = en; path = "en.lproj/hello-world-swiftui-touch-InfoPlist.strings"; sourceTree = "<group>"; };
		15F00DD22919362F00495D6B /* en */ = {isa = PBXFileReference; lastKnownFileType = text.plist.strings; name = en; path = "en.lproj/hello-world-swiftui-tvos-InfoPlist.strings"; sourceTree = "<group>"; };
/* End PBXFileReference section */

/* Begin PBXFrameworksBuildPhase section */
		15AA2A8829192F7800AEC6BE /* Frameworks */ = {
			isa = PBXFrameworksBuildPhase;
			buildActionMask = 2147483647;
			files = (
			);
			runOnlyForDeploymentPostprocessing = 0;
		};
		15AA2AA0291930B900AEC6BE /* Frameworks */ = {
			isa = PBXFrameworksBuildPhase;
			buildActionMask = 2147483647;
			files = (
			);
			runOnlyForDeploymentPostprocessing = 0;
		};
		15AA2AAC291930D600AEC6BE /* Frameworks */ = {
			isa = PBXFrameworksBuildPhase;
			buildActionMask = 2147483647;
			files = (
			);
			runOnlyForDeploymentPostprocessing = 0;
		};
/* End PBXFrameworksBuildPhase section */

/* Begin PBXGroup section */
		15AA2A8229192F7800AEC6BE = {
			isa = PBXGroup;
			children = (
				15F00DCB2919362200495D6B /* Localizable.strings */,
				15F00DC82919362200495D6B /* hello-world-swiftui-tvos-InfoPlist.strings */,
				15F00DC52919362200495D6B /* hello-world-swiftui-touch-InfoPlist.strings */,
				15F00DC22919362200495D6B /* hello-world-swiftui-mac-InfoPlist.strings */,
				15AA2A8D29192F7800AEC6BE /* hello-world-swiftui */,
				15AA2A8C29192F7800AEC6BE /* Products */,
			);
			sourceTree = "<group>";
		};
		15AA2A8C29192F7800AEC6BE /* Products */ = {
			isa = PBXGroup;
			children = (
				15AA2A8B29192F7800AEC6BE /* hello-world-swiftui-touch.app */,
				15AA2AA7291930B900AEC6BE /* hello-world-swiftui-mac.app */,
				15AA2AB3291930D600AEC6BE /* hello-world-swiftui-tvos.app */,
			);
			name = Products;
			sourceTree = "<group>";
		};
		15AA2A8D29192F7800AEC6BE /* hello-world-swiftui */ = {
			isa = PBXGroup;
			children = (
				15AA2A8E29192F7800AEC6BE /* hello_world_swiftuiApp.swift */,
				15AA2A9029192F7800AEC6BE /* ContentViewTouch.swift */,
				15F00DAB291931B400495D6B /* ContentViewMac.swift */,
				15F00DAD291931C700495D6B /* ContentViewTV.swift */,
				15AA2A9229192F7A00AEC6BE /* Assets.xcassets */,
				15AA2A9429192F7A00AEC6BE /* Preview Content */,
			);
			path = "hello-world-swiftui";
			sourceTree = "<group>";
		};
		15AA2A9429192F7A00AEC6BE /* Preview Content */ = {
			isa = PBXGroup;
			children = (
				15AA2A9529192F7A00AEC6BE /* Preview Assets.xcassets */,
			);
			path = "Preview Content";
			sourceTree = "<group>";
		};
/* End PBXGroup section */

/* Begin PBXNativeTarget section */
		15AA2A8A29192F7800AEC6BE /* hello-world-swiftui-touch */ = {
			isa = PBXNativeTarget;
			buildConfigurationList = 15AA2A9929192F7A00AEC6BE /* Build configuration list for PBXNativeTarget "hello-world-swiftui-touch" */;
			buildPhases = (
				15AA2A8729192F7800AEC6BE /* Sources */,
				15AA2A8829192F7800AEC6BE /* Frameworks */,
				15AA2A8929192F7800AEC6BE /* Resources */,
			);
			buildRules = (
			);
			dependencies = (
			);
			name = "hello-world-swiftui-touch";
			productName = "hello-world-swiftui";
			productReference = 15AA2A8B29192F7800AEC6BE /* hello-world-swiftui-touch.app */;
			productType = "com.apple.product-type.application";
		};
		15AA2A9C291930B900AEC6BE /* hello-world-swiftui-mac */ = {
			isa = PBXNativeTarget;
			buildConfigurationList = 15AA2AA4291930B900AEC6BE /* Build configuration list for PBXNativeTarget "hello-world-swiftui-mac" */;
			buildPhases = (
				15AA2A9D291930B900AEC6BE /* Sources */,
				15AA2AA0291930B900AEC6BE /* Frameworks */,
				15AA2AA1291930B900AEC6BE /* Resources */,
			);
			buildRules = (
			);
			dependencies = (
			);
			name = "hello-world-swiftui-mac";
			productName = "hello-world-swiftui";
			productReference = 15AA2AA7291930B900AEC6BE /* hello-world-swiftui-mac.app */;
			productType = "com.apple.product-type.application";
		};
		15AA2AA8291930D600AEC6BE /* hello-world-swiftui-tvos */ = {
			isa = PBXNativeTarget;
			buildConfigurationList = 15AA2AB0291930D600AEC6BE /* Build configuration list for PBXNativeTarget "hello-world-swiftui-tvos" */;
			buildPhases = (
				15AA2AA9291930D600AEC6BE /* Sources */,
				15AA2AAC291930D600AEC6BE /* Frameworks */,
				15AA2AAD291930D600AEC6BE /* Resources */,
			);
			buildRules = (
			);
			dependencies = (
			);
			name = "hello-world-swiftui-tvos";
			productName = "hello-world-swiftui";
			productReference = 15AA2AB3291930D600AEC6BE /* hello-world-swiftui-tvos.app */;
			productType = "com.apple.product-type.application";
		};
/* End PBXNativeTarget section */

/* Begin PBXProject section */
		15AA2A8329192F7800AEC6BE /* Project object */ = {
			isa = PBXProject;
			attributes = {
				BuildIndependentTargetsInParallel = 1;
				LastSwiftUpdateCheck = 1410;
				LastUpgradeCheck = 1410;
				TargetAttributes = {
					15AA2A8A29192F7800AEC6BE = {
						CreatedOnToolsVersion = 14.1;
					};
				};
			};
			buildConfigurationList = 15AA2A8629192F7800AEC6BE /* Build configuration list for PBXProject "hello-world-swiftui" */;
			compatibilityVersion = "Xcode 14.0";
			developmentRegion = en;
			hasScannedForEncodings = 0;
			knownRegions = (
				en,
				Base,
				la,
				de,
			);
			mainGroup = 15AA2A8229192F7800AEC6BE;
			productRefGroup = 15AA2A8C29192F7800AEC6BE /* Products */;
			projectDirPath = "";
			projectRoot = "";
			targets = (
				15AA2A8A29192F7800AEC6BE /* hello-world-swiftui-touch */,
				15AA2A9C291930B900AEC6BE /* hello-world-swiftui-mac */,
				15AA2AA8291930D600AEC6BE /* hello-world-swiftui-tvos */,
			);
		};
/* End PBXProject section */

/* Begin PBXResourcesBuildPhase section */
		15AA2A8929192F7800AEC6BE /* Resources */ = {
			isa = PBXResourcesBuildPhase;
			buildActionMask = 2147483647;
			files = (
				15F00DC72919362200495D6B /* hello-world-swiftui-touch-InfoPlist.strings in Resources */,
				15F00DCF2919362200495D6B /* Localizable.strings in Resources */,
				15AA2A9629192F7A00AEC6BE /* Preview Assets.xcassets in Resources */,
				15AA2A9329192F7A00AEC6BE /* Assets.xcassets in Resources */,
			);
			runOnlyForDeploymentPostprocessing = 0;
		};
		15AA2AA1291930B900AEC6BE /* Resources */ = {
			isa = PBXResourcesBuildPhase;
			buildActionMask = 2147483647;
			files = (
				15F00DC42919362200495D6B /* hello-world-swiftui-mac-InfoPlist.strings in Resources */,
				15F00DCE2919362200495D6B /* Localizable.strings in Resources */,
				15AA2AA2291930B900AEC6BE /* Preview Assets.xcassets in Resources */,
				15AA2AA3291930B900AEC6BE /* Assets.xcassets in Resources */,
			);
			runOnlyForDeploymentPostprocessing = 0;
		};
		15AA2AAD291930D600AEC6BE /* Resources */ = {
			isa = PBXResourcesBuildPhase;
			buildActionMask = 2147483647;
			files = (
				15AA2AAE291930D600AEC6BE /* Preview Assets.xcassets in Resources */,
				15F00DCD2919362200495D6B /* Localizable.strings in Resources */,
				15F00DCA2919362200495D6B /* hello-world-swiftui-tvos-InfoPlist.strings in Resources */,
				15AA2AAF291930D600AEC6BE /* Assets.xcassets in Resources */,
			);
			runOnlyForDeploymentPostprocessing = 0;
		};
/* End PBXResourcesBuildPhase section */

/* Begin PBXSourcesBuildPhase section */
		15AA2A8729192F7800AEC6BE /* Sources */ = {
			isa = PBXSourcesBuildPhase;
			buildActionMask = 2147483647;
			files = (
				15AA2A9129192F7800AEC6BE /* ContentViewTouch.swift in Sources */,
				15AA2A8F29192F7800AEC6BE /* hello_world_swiftuiApp.swift in Sources */,
			);
			runOnlyForDeploymentPostprocessing = 0;
		};
		15AA2A9D291930B900AEC6BE /* Sources */ = {
			isa = PBXSourcesBuildPhase;
			buildActionMask = 2147483647;
			files = (
				15F00DAC291931B400495D6B /* ContentViewMac.swift in Sources */,
				15AA2A9F291930B900AEC6BE /* hello_world_swiftuiApp.swift in Sources */,
			);
			runOnlyForDeploymentPostprocessing = 0;
		};
		15AA2AA9291930D600AEC6BE /* Sources */ = {
			isa = PBXSourcesBuildPhase;
			buildActionMask = 2147483647;
			files = (
				15F00DAE291931C700495D6B /* ContentViewTV.swift in Sources */,
				15AA2AAB291930D600AEC6BE /* hello_world_swiftuiApp.swift in Sources */,
			);
			runOnlyForDeploymentPostprocessing = 0;
		};
/* End PBXSourcesBuildPhase section */

/* Begin PBXVariantGroup section */
		15F00DC22919362200495D6B /* hello-world-swiftui-mac-InfoPlist.strings */ = {
			isa = PBXVariantGroup;
			children = (
				15F00DC32919362200495D6B /* la */,
				15F00DD02919362F00495D6B /* en */,
				158B0225291937800024B89E /* de */,
			);
			name = "hello-world-swiftui-mac-InfoPlist.strings";
			path = "hello-world-swiftui";
			sourceTree = "<group>";
		};
		15F00DC52919362200495D6B /* hello-world-swiftui-touch-InfoPlist.strings */ = {
			isa = PBXVariantGroup;
			children = (
				15F00DC62919362200495D6B /* la */,
				15F00DD12919362F00495D6B /* en */,
				158B0224291937800024B89E /* de */,
			);
			name = "hello-world-swiftui-touch-InfoPlist.strings";
			path = "hello-world-swiftui";
			sourceTree = "<group>";
		};
		15F00DC82919362200495D6B /* hello-world-swiftui-tvos-InfoPlist.strings */ = {
			isa = PBXVariantGroup;
			children = (
				15F00DC92919362200495D6B /* la */,
				15F00DD22919362F00495D6B /* en */,
				158B0223291937800024B89E /* de */,
			);
			name = "hello-world-swiftui-tvos-InfoPlist.strings";
			path = "hello-world-swiftui";
			sourceTree = "<group>";
		};
		15F00DCB2919362200495D6B /* Localizable.strings */ = {
			isa = PBXVariantGroup;
			children = (
				15F00DCC2919362200495D6B /* la */,
				158B0226291937E40024B89E /* de */,
			);
			name = Localizable.strings;
			path = "hello-world-swiftui";
			sourceTree = "<group>";
		};
/* End PBXVariantGroup section */

/* Begin XCBuildConfiguration section */
		15AA2A9729192F7A00AEC6BE /* Debug */ = {
			isa = XCBuildConfiguration;
			buildSettings = {
				ALWAYS_SEARCH_USER_PATHS = NO;
				CLANG_ANALYZER_NONNULL = YES;
				CLANG_ANALYZER_NUMBER_OBJECT_CONVERSION = YES_AGGRESSIVE;
				CLANG_CXX_LANGUAGE_STANDARD = "gnu++20";
				CLANG_ENABLE_MODULES = YES;
				CLANG_ENABLE_OBJC_ARC = YES;
				CLANG_ENABLE_OBJC_WEAK = YES;
				CLANG_WARN_BLOCK_CAPTURE_AUTORELEASING = YES;
				CLANG_WARN_BOOL_CONVERSION = YES;
				CLANG_WARN_COMMA = YES;
				CLANG_WARN_CONSTANT_CONVERSION = YES;
				CLANG_WARN_DEPRECATED_OBJC_IMPLEMENTATIONS = YES;
				CLANG_WARN_DIRECT_OBJC_ISA_USAGE = YES_ERROR;
				CLANG_WARN_DOCUMENTATION_COMMENTS = YES;
				CLANG_WARN_EMPTY_BODY = YES;
				CLANG_WARN_ENUM_CONVERSION = YES;
				CLANG_WARN_INFINITE_RECURSION = YES;
				CLANG_WARN_INT_CONVERSION = YES;
				CLANG_WARN_NON_LITERAL_NULL_CONVERSION = YES;
				CLANG_WARN_OBJC_IMPLICIT_RETAIN_SELF = YES;
				CLANG_WARN_OBJC_LITERAL_CONVERSION = YES;
				CLANG_WARN_OBJC_ROOT_CLASS = YES_ERROR;
				CLANG_WARN_QUOTED_INCLUDE_IN_FRAMEWORK_HEADER = YES;
				CLANG_WARN_RANGE_LOOP_ANALYSIS = YES;
				CLANG_WARN_STRICT_PROTOTYPES = YES;
				CLANG_WARN_SUSPICIOUS_MOVE = YES;
				CLANG_WARN_UNGUARDED_AVAILABILITY = YES_AGGRESSIVE;
				CLANG_WARN_UNREACHABLE_CODE = YES;
				CLANG_WARN__DUPLICATE_METHOD_MATCH = YES;
				COPY_PHASE_STRIP = NO;
				DEBUG_INFORMATION_FORMAT = dwarf;
				ENABLE_STRICT_OBJC_MSGSEND = YES;
				ENABLE_TESTABILITY = YES;
				GCC_C_LANGUAGE_STANDARD = gnu11;
				GCC_DYNAMIC_NO_PIC = NO;
				GCC_NO_COMMON_BLOCKS = YES;
				GCC_OPTIMIZATION_LEVEL = 0;
				GCC_PREPROCESSOR_DEFINITIONS = (
					"DEBUG=1",
					"$(inherited)",
				);
				GCC_WARN_64_TO_32_BIT_CONVERSION = YES;
				GCC_WARN_ABOUT_RETURN_TYPE = YES_ERROR;
				GCC_WARN_UNDECLARED_SELECTOR = YES;
				GCC_WARN_UNINITIALIZED_AUTOS = YES_AGGRESSIVE;
				GCC_WARN_UNUSED_FUNCTION = YES;
				GCC_WARN_UNUSED_VARIABLE = YES;
				IPHONEOS_DEPLOYMENT_TARGET = 16.1;
				MTL_ENABLE_DEBUG_INFO = INCLUDE_SOURCE;
				MTL_FAST_MATH = YES;
				ONLY_ACTIVE_ARCH = YES;
				SDKROOT = iphoneos;
				SWIFT_ACTIVE_COMPILATION_CONDITIONS = DEBUG;
				SWIFT_OPTIMIZATION_LEVEL = "-Onone";
			};
			name = Debug;
		};
		15AA2A9829192F7A00AEC6BE /* Release */ = {
			isa = XCBuildConfiguration;
			buildSettings = {
				ALWAYS_SEARCH_USER_PATHS = NO;
				CLANG_ANALYZER_NONNULL = YES;
				CLANG_ANALYZER_NUMBER_OBJECT_CONVERSION = YES_AGGRESSIVE;
				CLANG_CXX_LANGUAGE_STANDARD = "gnu++20";
				CLANG_ENABLE_MODULES = YES;
				CLANG_ENABLE_OBJC_ARC = YES;
				CLANG_ENABLE_OBJC_WEAK = YES;
				CLANG_WARN_BLOCK_CAPTURE_AUTORELEASING = YES;
				CLANG_WARN_BOOL_CONVERSION = YES;
				CLANG_WARN_COMMA = YES;
				CLANG_WARN_CONSTANT_CONVERSION = YES;
				CLANG_WARN_DEPRECATED_OBJC_IMPLEMENTATIONS = YES;
				CLANG_WARN_DIRECT_OBJC_ISA_USAGE = YES_ERROR;
				CLANG_WARN_DOCUMENTATION_COMMENTS = YES;
				CLANG_WARN_EMPTY_BODY = YES;
				CLANG_WARN_ENUM_CONVERSION = YES;
				CLANG_WARN_INFINITE_RECURSION = YES;
				CLANG_WARN_INT_CONVERSION = YES;
				CLANG_WARN_NON_LITERAL_NULL_CONVERSION = YES;
				CLANG_WARN_OBJC_IMPLICIT_RETAIN_SELF = YES;
				CLANG_WARN_OBJC_LITERAL_CONVERSION = YES;
				CLANG_WARN_OBJC_ROOT_CLASS = YES_ERROR;
				CLANG_WARN_QUOTED_INCLUDE_IN_FRAMEWORK_HEADER = YES;
				CLANG_WARN_RANGE_LOOP_ANALYSIS = YES;
				CLANG_WARN_STRICT_PROTOTYPES = YES;
				CLANG_WARN_SUSPICIOUS_MOVE = YES;
				CLANG_WARN_UNGUARDED_AVAILABILITY = YES_AGGRESSIVE;
				CLANG_WARN_UNREACHABLE_CODE = YES;
				CLANG_WARN__DUPLICATE_METHOD_MATCH = YES;
				COPY_PHASE_STRIP = NO;
				DEBUG_INFORMATION_FORMAT = "dwarf-with-dsym";
				ENABLE_NS_ASSERTIONS = NO;
				ENABLE_STRICT_OBJC_MSGSEND = YES;
				GCC_C_LANGUAGE_STANDARD = gnu11;
				GCC_NO_COMMON_BLOCKS = YES;
				GCC_WARN_64_TO_32_BIT_CONVERSION = YES;
				GCC_WARN_ABOUT_RETURN_TYPE = YES_ERROR;
				GCC_WARN_UNDECLARED_SELECTOR = YES;
				GCC_WARN_UNINITIALIZED_AUTOS = YES_AGGRESSIVE;
				GCC_WARN_UNUSED_FUNCTION = YES;
				GCC_WARN_UNUSED_VARIABLE = YES;
				IPHONEOS_DEPLOYMENT_TARGET = 16.1;
				MTL_ENABLE_DEBUG_INFO = NO;
				MTL_FAST_MATH = YES;
				SDKROOT = iphoneos;
				SWIFT_COMPILATION_MODE = wholemodule;
				SWIFT_OPTIMIZATION_LEVEL = "-O";
				VALIDATE_PRODUCT = YES;
			};
			name = Release;
		};
		15AA2A9A29192F7A00AEC6BE /* Debug */ = {
			isa = XCBuildConfiguration;
			buildSettings = {
				ASSETCATALOG_COMPILER_APPICON_NAME = AppIcon;
				ASSETCATALOG_COMPILER_GLOBAL_ACCENT_COLOR_NAME = AccentColor;
				CODE_SIGN_STYLE = Automatic;
				CURRENT_PROJECT_VERSION = 1;
				DEVELOPMENT_ASSET_PATHS = "\"hello-world-swiftui/Preview Content\"";
				ENABLE_PREVIEWS = YES;
				GENERATE_INFOPLIST_FILE = YES;
				INFOPLIST_KEY_UIApplicationSceneManifest_Generation = YES;
				INFOPLIST_KEY_UIApplicationSupportsIndirectInputEvents = YES;
				INFOPLIST_KEY_UILaunchScreen_Generation = YES;
				INFOPLIST_KEY_UISupportedInterfaceOrientations = "UIInterfaceOrientationLandscapeLeft UIInterfaceOrientationLandscapeRight UIInterfaceOrientationPortrait UIInterfaceOrientationPortraitUpsideDown";
				LD_RUNPATH_SEARCH_PATHS = (
					"$(inherited)",
					"@executable_path/Frameworks",
				);
				MACOSX_DEPLOYMENT_TARGET = 13.0;
				MARKETING_VERSION = 1.0;
				PRODUCT_BUNDLE_IDENTIFIER = "io.github.libewa.hello-world-swiftui";
				PRODUCT_NAME = "$(TARGET_NAME)";
				SUPPORTED_PLATFORMS = "iphoneos iphonesimulator";
				SUPPORTS_MACCATALYST = NO;
				SUPPORTS_MAC_DESIGNED_FOR_IPHONE_IPAD = NO;
				SWIFT_EMIT_LOC_STRINGS = YES;
				SWIFT_VERSION = 5.0;
				TARGETED_DEVICE_FAMILY = "1,2";
			};
			name = Debug;
		};
		15AA2A9B29192F7A00AEC6BE /* Release */ = {
			isa = XCBuildConfiguration;
			buildSettings = {
				ASSETCATALOG_COMPILER_APPICON_NAME = AppIcon;
				ASSETCATALOG_COMPILER_GLOBAL_ACCENT_COLOR_NAME = AccentColor;
				CODE_SIGN_STYLE = Automatic;
				CURRENT_PROJECT_VERSION = 1;
				DEVELOPMENT_ASSET_PATHS = "\"hello-world-swiftui/Preview Content\"";
				ENABLE_PREVIEWS = YES;
				GENERATE_INFOPLIST_FILE = YES;
				INFOPLIST_KEY_UIApplicationSceneManifest_Generation = YES;
				INFOPLIST_KEY_UIApplicationSupportsIndirectInputEvents = YES;
				INFOPLIST_KEY_UILaunchScreen_Generation = YES;
				INFOPLIST_KEY_UISupportedInterfaceOrientations = "UIInterfaceOrientationLandscapeLeft UIInterfaceOrientationLandscapeRight UIInterfaceOrientationPortrait UIInterfaceOrientationPortraitUpsideDown";
				LD_RUNPATH_SEARCH_PATHS = (
					"$(inherited)",
					"@executable_path/Frameworks",
				);
				MACOSX_DEPLOYMENT_TARGET = 13.0;
				MARKETING_VERSION = 1.0;
				PRODUCT_BUNDLE_IDENTIFIER = "io.github.libewa.hello-world-swiftui";
				PRODUCT_NAME = "$(TARGET_NAME)";
				SUPPORTED_PLATFORMS = "iphoneos iphonesimulator";
				SUPPORTS_MACCATALYST = NO;
				SUPPORTS_MAC_DESIGNED_FOR_IPHONE_IPAD = NO;
				SWIFT_EMIT_LOC_STRINGS = YES;
				SWIFT_VERSION = 5.0;
				TARGETED_DEVICE_FAMILY = "1,2";
			};
			name = Release;
		};
		15AA2AA5291930B900AEC6BE /* Debug */ = {
			isa = XCBuildConfiguration;
			buildSettings = {
				ASSETCATALOG_COMPILER_APPICON_NAME = AppIcon;
				ASSETCATALOG_COMPILER_GLOBAL_ACCENT_COLOR_NAME = AccentColor;
				CODE_SIGN_STYLE = Automatic;
				CURRENT_PROJECT_VERSION = 1;
				DEVELOPMENT_ASSET_PATHS = "\"hello-world-swiftui/Preview Content\"";
				ENABLE_PREVIEWS = YES;
				GENERATE_INFOPLIST_FILE = YES;
				INFOPLIST_KEY_UIApplicationSceneManifest_Generation = YES;
				INFOPLIST_KEY_UIApplicationSupportsIndirectInputEvents = YES;
				INFOPLIST_KEY_UILaunchScreen_Generation = YES;
				INFOPLIST_KEY_UISupportedInterfaceOrientations = "UIInterfaceOrientationLandscapeLeft UIInterfaceOrientationLandscapeRight UIInterfaceOrientationPortrait UIInterfaceOrientationPortraitUpsideDown";
				LD_RUNPATH_SEARCH_PATHS = (
					"$(inherited)",
					"@executable_path/Frameworks",
				);
				MACOSX_DEPLOYMENT_TARGET = 13.0;
				MARKETING_VERSION = 1.0;
				PRODUCT_BUNDLE_IDENTIFIER = "io.github.libewa.hello-world-swiftui";
				PRODUCT_NAME = "$(TARGET_NAME)";
				SUPPORTED_PLATFORMS = macosx;
				SUPPORTS_MACCATALYST = NO;
				SUPPORTS_MAC_DESIGNED_FOR_IPHONE_IPAD = NO;
				SWIFT_EMIT_LOC_STRINGS = YES;
				SWIFT_VERSION = 5.0;
			};
			name = Debug;
		};
		15AA2AA6291930B900AEC6BE /* Release */ = {
			isa = XCBuildConfiguration;
			buildSettings = {
				ASSETCATALOG_COMPILER_APPICON_NAME = AppIcon;
				ASSETCATALOG_COMPILER_GLOBAL_ACCENT_COLOR_NAME = AccentColor;
				CODE_SIGN_STYLE = Automatic;
				CURRENT_PROJECT_VERSION = 1;
				DEVELOPMENT_ASSET_PATHS = "\"hello-world-swiftui/Preview Content\"";
				ENABLE_PREVIEWS = YES;
				GENERATE_INFOPLIST_FILE = YES;
				INFOPLIST_KEY_UIApplicationSceneManifest_Generation = YES;
				INFOPLIST_KEY_UIApplicationSupportsIndirectInputEvents = YES;
				INFOPLIST_KEY_UILaunchScreen_Generation = YES;
				INFOPLIST_KEY_UISupportedInterfaceOrientations = "UIInterfaceOrientationLandscapeLeft UIInterfaceOrientationLandscapeRight UIInterfaceOrientationPortrait UIInterfaceOrientationPortraitUpsideDown";
				LD_RUNPATH_SEARCH_PATHS = (
					"$(inherited)",
					"@executable_path/Frameworks",
				);
				MACOSX_DEPLOYMENT_TARGET = 13.0;
				MARKETING_VERSION = 1.0;
				PRODUCT_BUNDLE_IDENTIFIER = "io.github.libewa.hello-world-swiftui";
				PRODUCT_NAME = "$(TARGET_NAME)";
				SUPPORTED_PLATFORMS = macosx;
				SUPPORTS_MACCATALYST = NO;
				SUPPORTS_MAC_DESIGNED_FOR_IPHONE_IPAD = NO;
				SWIFT_EMIT_LOC_STRINGS = YES;
				SWIFT_VERSION = 5.0;
			};
			name = Release;
		};
		15AA2AB1291930D600AEC6BE /* Debug */ = {
			isa = XCBuildConfiguration;
			buildSettings = {
				ASSETCATALOG_COMPILER_APPICON_NAME = AppIcon;
				ASSETCATALOG_COMPILER_GLOBAL_ACCENT_COLOR_NAME = AccentColor;
				CODE_SIGN_STYLE = Automatic;
				CURRENT_PROJECT_VERSION = 1;
				DEVELOPMENT_ASSET_PATHS = "\"hello-world-swiftui/Preview Content\"";
				ENABLE_PREVIEWS = YES;
				GENERATE_INFOPLIST_FILE = YES;
				INFOPLIST_KEY_UIApplicationSceneManifest_Generation = YES;
				INFOPLIST_KEY_UIApplicationSupportsIndirectInputEvents = YES;
				INFOPLIST_KEY_UILaunchScreen_Generation = YES;
				INFOPLIST_KEY_UISupportedInterfaceOrientations = "UIInterfaceOrientationLandscapeLeft UIInterfaceOrientationLandscapeRight UIInterfaceOrientationPortrait UIInterfaceOrientationPortraitUpsideDown";
				LD_RUNPATH_SEARCH_PATHS = (
					"$(inherited)",
					"@executable_path/Frameworks",
				);
				MACOSX_DEPLOYMENT_TARGET = 13.0;
				MARKETING_VERSION = 1.0;
				PRODUCT_BUNDLE_IDENTIFIER = "io.github.libewa.hello-world-swiftui";
				PRODUCT_NAME = "$(TARGET_NAME)";
				SUPPORTED_PLATFORMS = "appletvos appletvsimulator";
				SUPPORTS_MACCATALYST = NO;
				SUPPORTS_MAC_DESIGNED_FOR_IPHONE_IPAD = NO;
				SWIFT_EMIT_LOC_STRINGS = YES;
				SWIFT_VERSION = 5.0;
				TARGETED_DEVICE_FAMILY = "1,3";
			};
			name = Debug;
		};
		15AA2AB2291930D600AEC6BE /* Release */ = {
			isa = XCBuildConfiguration;
			buildSettings = {
				ASSETCATALOG_COMPILER_APPICON_NAME = AppIcon;
				ASSETCATALOG_COMPILER_GLOBAL_ACCENT_COLOR_NAME = AccentColor;
				CODE_SIGN_STYLE = Automatic;
				CURRENT_PROJECT_VERSION = 1;
				DEVELOPMENT_ASSET_PATHS = "\"hello-world-swiftui/Preview Content\"";
				ENABLE_PREVIEWS = YES;
				GENERATE_INFOPLIST_FILE = YES;
				INFOPLIST_KEY_UIApplicationSceneManifest_Generation = YES;
				INFOPLIST_KEY_UIApplicationSupportsIndirectInputEvents = YES;
				INFOPLIST_KEY_UILaunchScreen_Generation = YES;
				INFOPLIST_KEY_UISupportedInterfaceOrientations = "UIInterfaceOrientationLandscapeLeft UIInterfaceOrientationLandscapeRight UIInterfaceOrientationPortrait UIInterfaceOrientationPortraitUpsideDown";
				LD_RUNPATH_SEARCH_PATHS = (
					"$(inherited)",
					"@executable_path/Frameworks",
				);
				MACOSX_DEPLOYMENT_TARGET = 13.0;
				MARKETING_VERSION = 1.0;
				PRODUCT_BUNDLE_IDENTIFIER = "io.github.libewa.hello-world-swiftui";
				PRODUCT_NAME = "$(TARGET_NAME)";
				SUPPORTED_PLATFORMS = "appletvos appletvsimulator";
				SUPPORTS_MACCATALYST = NO;
				SUPPORTS_MAC_DESIGNED_FOR_IPHONE_IPAD = NO;
				SWIFT_EMIT_LOC_STRINGS = YES;
				SWIFT_VERSION = 5.0;
				TARGETED_DEVICE_FAMILY = "1,3";
			};
			name = Release;
		};
/* End XCBuildConfiguration section */

/* Begin XCConfigurationList section */
		15AA2A8629192F7800AEC6BE /* Build configuration list for PBXProject "hello-world-swiftui" */ = {
			isa = XCConfigurationList;
			buildConfigurations = (
				15AA2A9729192F7A00AEC6BE /* Debug */,
				15AA2A9829192F7A00AEC6BE /* Release */,
			);
			defaultConfigurationIsVisible = 0;
			defaultConfigurationName = Release;
		};
		15AA2A9929192F7A00AEC6BE /* Build configuration list for PBXNativeTarget "hello-world-swiftui-touch" */ = {
			isa = XCConfigurationList;
			buildConfigurations = (
				15AA2A9A29192F7A00AEC6BE /* Debug */,
				15AA2A9B29192F7A00AEC6BE /* Release */,
			);
			defaultConfigurationIsVisible = 0;
			defaultConfigurationName = Release;
		};
		15AA2AA4291930B900AEC6BE /* Build configuration list for PBXNativeTarget "hello-world-swiftui-mac" */ = {
			isa = XCConfigurationList;
			buildConfigurations = (
				15AA2AA5291930B900AEC6BE /* Debug */,
				15AA2AA6291930B900AEC6BE /* Release */,
			);
			defaultConfigurationIsVisible = 0;
			defaultConfigurationName = Release;
		};
		15AA2AB0291930D600AEC6BE /* Build configuration list for PBXNativeTarget "hello-world-swiftui-tvos" */ = {
			isa = XCConfigurationList;
			buildConfigurations = (
				15AA2AB1291930D600AEC6BE /* Debug */,
				15AA2AB2291930D600AEC6BE /* Release */,
			);
			defaultConfigurationIsVisible = 0;
			defaultConfigurationName = Release;
		};
/* End XCConfigurationList section */
	};
	rootObject = 15AA2A8329192F7800AEC6BE /* Project object */;
}
